schema: '2.0'
stages:
  etl:
    cmd: python -m src.etl
    deps:
    - path: src/Extract/extract.py
      hash: md5
      md5: 474f4349b36e6f014bf72d5eb0d94ff6
      size: 1979
    - path: src/Load/load.py
      hash: md5
      md5: 16b54b6f038238c05e193926a565246c
      size: 540
    - path: src/Transform/transform.py
      hash: md5
      md5: f46c8b39b42f66ae7b3650c4a7071cab
      size: 1204
    - path: src/config.py
      hash: md5
      md5: f77e88cf954c67b973b094923d61aacc
      size: 879
    - path: src/etl.py
      hash: md5
      md5: 88db4f00fef7eb037004f5c3cf4d5705
      size: 554
    params:
      params.yaml:
        dataset.kaggle_dataset_id: 
          hammadansari7/gen-z-mental-wellness-and-digital-lifestyle-patterns
        paths.processed_data_path: 
          data/processed/processed_genz_mental_wellness_synthetic_dataset.csv
        paths.raw_data_dir: data/raw
        paths.raw_data_path: data/raw/genz_mental_wellness_synthetic_dataset.csv
        transform.categorical_cols:
        - Gender
        - Student_Working_Status
        - Content_Type_Preference
        transform.drop_columns:
        - Country
    outs:
    - path: data/processed/processed_genz_mental_wellness_synthetic_dataset.csv
      hash: md5
      md5: 811d7d394e9ee6c3ecc26a3c426f1c6e
      size: 1101700
    - path: data/raw/genz_mental_wellness_synthetic_dataset.csv
      hash: md5
      md5: 7714f734d36f54fac31555a8cb42a779
      size: 1184726
  train:
    cmd: python -m src.Train.train
    deps:
    - path: data/processed/processed_genz_mental_wellness_synthetic_dataset.csv
      hash: md5
      md5: 811d7d394e9ee6c3ecc26a3c426f1c6e
      size: 1101700
    - path: src/Train/preprocess.py
      hash: md5
      md5: 5ed6ff097a207764ea8a978e334c974a
      size: 2177
    - path: src/Train/train.py
      hash: md5
      md5: cd332fdb2e7b1e8a12581c67c08c2cc3
      size: 5479
    - path: src/config.py
      hash: md5
      md5: f77e88cf954c67b973b094923d61aacc
      size: 879
    params:
      params.yaml:
        model.decision_tree:
          random_state: 42
        model.random_forest:
          n_estimators: 100
          random_state: 42
          n_jobs: -1
        training.random_state: 42
        training.target_column: Burnout_Risk
        training.test_size: 0.3
    outs:
    - path: metrics/DT_results.json
      hash: md5
      md5: 1e5721ee9bf89cf086cdfec3567be543
      size: 102
    - path: metrics/RF_results.json
      hash: md5
      md5: 22d13dc7d2d4c37dd096ef563b24e617
      size: 102
    - path: models/decision_tree_model.pkl
      hash: md5
      md5: afdf37d1d88966b30433f0344a8baa04
      size: 3697
    - path: models/random_forest_model.pkl
      hash: md5
      md5: 8b9a015df7da8a15b4ce663aabea3dbe
      size: 2267953
